dependencies:
- name: podinfo
  repository: https://stefanprodan.github.io/podinfo
  version: 6.7.1
- name: bb-common
  repository: file:///home/rob/bb/bb-common/chart
  version: 0.14.2
digest: sha256:cb8a2905aa4c09f82b712e7f8c734e4569206b6992a87dded0bffd0d0233da7c
generated: "2026-03-06T09:12:09.024808082-06:00"
