dependencies:
- name: podinfo
  repository: https://stefanprodan.github.io/podinfo
  version: 6.7.1
- name: bb-common
  repository: oci://registry1.dso.mil/bigbang
  version: 0.14.0
digest: sha256:cb138d266943543731b74f9fe9258301c44fca55da2ce23abad46ed206e1cbe7
generated: "2026-03-05T15:42:00.042086022-06:00"
